
Microsoft Visual Studio Solution File, Format Version 12.00
# Visual Studio Version 16
VisualStudioVersion = 16.0.30804.86
MinimumVisualStudioVersion = 10.0.40219.1
Project("{FAE04EC0-301F-11D3-BF4B-00C04F79EFBC}") = "SpotifyAdsMuting", "SpotifyAdsMuting.csproj", "{0C0514D9-0F58-431B-9DAE-EBA123D19A03}"
EndProject
Global
	GlobalSection(SolutionConfigurationPlatforms) = preSolution
		Debug|Any CPU = Debug|Any CPU
		Release|Any CPU = Release|Any CPU
	EndGlobalSection
	GlobalSection(ProjectConfigurationPlatforms) = postSolution
		{0C0514D9-0F58-431B-9DAE-EBA123D19A03}.Debug|Any CPU.ActiveCfg = Debug|Any CPU
		{0C0514D9-0F58-431B-9DAE-EBA123D19A03}.Debug|Any CPU.Build.0 = Debug|Any CPU
		{0C0514D9-0F58-431B-9DAE-EBA123D19A03}.Release|Any CPU.ActiveCfg = Release|Any CPU
		{0C0514D9-0F58-431B-9DAE-EBA123D19A03}.Release|Any CPU.Build.0 = Release|Any CPU
	EndGlobalSection
	GlobalSection(SolutionProperties) = preSolution
		HideSolutionNode = FALSE
	EndGlobalSection
	GlobalSection(ExtensibilityGlobals) = postSolution
		SolutionGuid = {1B24F0BE-A9FC-415E-8237-58A5D7EDE8C2}
	EndGlobalSection
EndGlobal
